
Microsoft Visual Studio Solution File, Format Version 12.00
# Visual Studio Version 16
VisualStudioVersion = 16.0.34031.81
MinimumVisualStudioVersion = 10.0.40219.1
Project("{FAE04EC0-301F-11D3-BF4B-00C04F79EFBC}") = "DapperMvcCRUD2", "DapperMvcCRUD2\DapperMvcCRUD2.csproj", "{408C5396-AFBA-4BA5-A7A0-22112E7FB65C}"
EndProject
Global
	GlobalSection(SolutionConfigurationPlatforms) = preSolution
		Debug|Any CPU = Debug|Any CPU
		Release|Any CPU = Release|Any CPU
	EndGlobalSection
	GlobalSection(ProjectConfigurationPlatforms) = postSolution
		{408C5396-AFBA-4BA5-A7A0-22112E7FB65C}.Debug|Any CPU.ActiveCfg = Debug|Any CPU
		{408C5396-AFBA-4BA5-A7A0-22112E7FB65C}.Debug|Any CPU.Build.0 = Debug|Any CPU
		{408C5396-AFBA-4BA5-A7A0-22112E7FB65C}.Release|Any CPU.ActiveCfg = Release|Any CPU
		{408C5396-AFBA-4BA5-A7A0-22112E7FB65C}.Release|Any CPU.Build.0 = Release|Any CPU
	EndGlobalSection
	GlobalSection(SolutionProperties) = preSolution
		HideSolutionNode = FALSE
	EndGlobalSection
	GlobalSection(ExtensibilityGlobals) = postSolution
		SolutionGuid = {4093C2F0-8693-4C43-A85F-15D23E4CED0D}
	EndGlobalSection
EndGlobal
